
Microsoft Visual Studio Solution File, Format Version 12.00
# Visual Studio Version 16
VisualStudioVersion = 16.0.32602.291
MinimumVisualStudioVersion = 10.0.40219.1
Project("{9A19103F-16F7-4668-BE54-9A1E7A4F7556}") = "SampleSmsIr.WinForm.Panel", "SampleSmsIr.WinForm.Panel\SampleSmsIr.WinForm.Panel.csproj", "{65B0942F-A3D2-4648-A851-96802CB2A5D4}"
EndProject
Project("{FAE04EC0-301F-11D3-BF4B-00C04F79EFBC}") = "SampleSmsIr.Dll.Tools", "SampleSmsIr.Dll.Tools\SampleSmsIr.Dll.Tools.csproj", "{B3918A7C-762E-4E80-98A6-CB12AC023C2D}"
EndProject
Global
	GlobalSection(SolutionConfigurationPlatforms) = preSolution
		Debug|Any CPU = Debug|Any CPU
		Release|Any CPU = Release|Any CPU
	EndGlobalSection
	GlobalSection(ProjectConfigurationPlatforms) = postSolution
		{65B0942F-A3D2-4648-A851-96802CB2A5D4}.Debug|Any CPU.ActiveCfg = Debug|Any CPU
		{65B0942F-A3D2-4648-A851-96802CB2A5D4}.Debug|Any CPU.Build.0 = Debug|Any CPU
		{65B0942F-A3D2-4648-A851-96802CB2A5D4}.Release|Any CPU.ActiveCfg = Release|Any CPU
		{65B0942F-A3D2-4648-A851-96802CB2A5D4}.Release|Any CPU.Build.0 = Release|Any CPU
		{B3918A7C-762E-4E80-98A6-CB12AC023C2D}.Debug|Any CPU.ActiveCfg = Debug|Any CPU
		{B3918A7C-762E-4E80-98A6-CB12AC023C2D}.Debug|Any CPU.Build.0 = Debug|Any CPU
		{B3918A7C-762E-4E80-98A6-CB12AC023C2D}.Release|Any CPU.ActiveCfg = Release|Any CPU
		{B3918A7C-762E-4E80-98A6-CB12AC023C2D}.Release|Any CPU.Build.0 = Release|Any CPU
	EndGlobalSection
	GlobalSection(SolutionProperties) = preSolution
		HideSolutionNode = FALSE
	EndGlobalSection
	GlobalSection(ExtensibilityGlobals) = postSolution
		SolutionGuid = {6261A384-D894-4757-BF9F-CFFF9A1A3F82}
	EndGlobalSection
EndGlobal
